
Microsoft Visual Studio Solution File, Format Version 12.00
# Visual Studio 15
VisualStudioVersion = 15.0.27428.2015
MinimumVisualStudioVersion = 10.0.40219.1
Project("{FAE04EC0-301F-11D3-BF4B-00C04F79EFBC}") = "Shrader.IDE", "Shrader\Shrader.IDE.csproj", "{A8353F28-0CA7-424C-986F-8F89A666F99F}"
EndProject
Project("{FAE04EC0-301F-11D3-BF4B-00C04F79EFBC}") = "ShaderBuilder", "ShaderBuilder\ShaderBuilder.csproj", "{8A53F3AD-31E4-46FA-B8A3-7EA4BB890B76}"
EndProject
Project("{FAE04EC0-301F-11D3-BF4B-00C04F79EFBC}") = "DynamicTab", "DynamicTab\DynamicTab.csproj", "{F1F9F0F8-7BCC-4652-B4DC-10A0C4002CD8}"
EndProject
Global
	GlobalSection(SolutionConfigurationPlatforms) = preSolution
		Debug|Any CPU = Debug|Any CPU
		Debug|x86 = Debug|x86
		Release|Any CPU = Release|Any CPU
		Release|x86 = Release|x86
	EndGlobalSection
	GlobalSection(ProjectConfigurationPlatforms) = postSolution
		{A8353F28-0CA7-424C-986F-8F89A666F99F}.Debug|Any CPU.ActiveCfg = Debug|Any CPU
		{A8353F28-0CA7-424C-986F-8F89A666F99F}.Debug|Any CPU.Build.0 = Debug|Any CPU
		{A8353F28-0CA7-424C-986F-8F89A666F99F}.Debug|x86.ActiveCfg = Debug|Any CPU
		{A8353F28-0CA7-424C-986F-8F89A666F99F}.Debug|x86.Build.0 = Debug|Any CPU
		{A8353F28-0CA7-424C-986F-8F89A666F99F}.Release|Any CPU.ActiveCfg = Release|Any CPU
		{A8353F28-0CA7-424C-986F-8F89A666F99F}.Release|Any CPU.Build.0 = Release|Any CPU
		{A8353F28-0CA7-424C-986F-8F89A666F99F}.Release|x86.ActiveCfg = Release|Any CPU
		{A8353F28-0CA7-424C-986F-8F89A666F99F}.Release|x86.Build.0 = Release|Any CPU
		{8A53F3AD-31E4-46FA-B8A3-7EA4BB890B76}.Debug|Any CPU.ActiveCfg = Debug|Any CPU
		{8A53F3AD-31E4-46FA-B8A3-7EA4BB890B76}.Debug|Any CPU.Build.0 = Debug|Any CPU
		{8A53F3AD-31E4-46FA-B8A3-7EA4BB890B76}.Debug|x86.ActiveCfg = Debug|Any CPU
		{8A53F3AD-31E4-46FA-B8A3-7EA4BB890B76}.Debug|x86.Build.0 = Debug|Any CPU
		{8A53F3AD-31E4-46FA-B8A3-7EA4BB890B76}.Release|Any CPU.ActiveCfg = Release|Any CPU
		{8A53F3AD-31E4-46FA-B8A3-7EA4BB890B76}.Release|Any CPU.Build.0 = Release|Any CPU
		{8A53F3AD-31E4-46FA-B8A3-7EA4BB890B76}.Release|x86.ActiveCfg = Release|Any CPU
		{8A53F3AD-31E4-46FA-B8A3-7EA4BB890B76}.Release|x86.Build.0 = Release|Any CPU
		{F1F9F0F8-7BCC-4652-B4DC-10A0C4002CD8}.Debug|Any CPU.ActiveCfg = Debug|Any CPU
		{F1F9F0F8-7BCC-4652-B4DC-10A0C4002CD8}.Debug|Any CPU.Build.0 = Debug|Any CPU
		{F1F9F0F8-7BCC-4652-B4DC-10A0C4002CD8}.Debug|x86.ActiveCfg = Debug|Any CPU
		{F1F9F0F8-7BCC-4652-B4DC-10A0C4002CD8}.Debug|x86.Build.0 = Debug|Any CPU
		{F1F9F0F8-7BCC-4652-B4DC-10A0C4002CD8}.Release|Any CPU.ActiveCfg = Release|Any CPU
		{F1F9F0F8-7BCC-4652-B4DC-10A0C4002CD8}.Release|Any CPU.Build.0 = Release|Any CPU
		{F1F9F0F8-7BCC-4652-B4DC-10A0C4002CD8}.Release|x86.ActiveCfg = Release|Any CPU
		{F1F9F0F8-7BCC-4652-B4DC-10A0C4002CD8}.Release|x86.Build.0 = Release|Any CPU
	EndGlobalSection
	GlobalSection(SolutionProperties) = preSolution
		HideSolutionNode = FALSE
	EndGlobalSection
	GlobalSection(ExtensibilityGlobals) = postSolution
		SolutionGuid = {C0B180A8-FE21-412F-922D-8857D335773A}
	EndGlobalSection
EndGlobal
